<?xml version="1.0" encoding="utf-8"?>
<Project ToolsVersion="4.0" xmlns="http://schemas.microsoft.com/developer/msbuild/2003">
  <ItemGroup>
    <ClCompile Include="Audio\AudioManager.cpp" />
    <ClCompile Include="Audio\LinAudio.cpp" />
    <ClCompile Include="Audio\WinAudio.cpp" />
    <ClCompile Include="Game.cpp" />
    <ClCompile Include="Game\Entities\Entity.cpp" />
    <ClCompile Include="Game\Entities\GameEntity.cpp" />
    <ClCompile Include="Game\GameplayManager.cpp" />
    <ClCompile Include="Game\PhysicsManager.cpp" />
    <ClCompile Include="Game\Simulation.cpp" />
    <ClCompile Include="Game\UserInterface.cpp" />
    <ClCompile Include="Game\World.cpp" />
    <ClCompile Include="Graphics\DirectX\DXGraphics.cpp" />
    <ClCompile Include="Graphics\DirectX\DXWindow.cpp" />
    <ClCompile Include="Graphics\GraphicsManager.cpp" />
    <ClCompile Include="Graphics\IGraphics.cpp" />
    <ClCompile Include="MainMenu.cpp" />
    <ClCompile Include="Program.cpp" />
    <ClCompile Include="Screen.cpp" />
    <ClCompile Include="Storage\FileManager.cpp" />
  </ItemGroup>
  <ItemGroup>
    <ClInclude Include="Audio\AudioManager.h" />
    <ClInclude Include="Audio\IAudio.h" />
    <ClInclude Include="Audio\LinAudio.h" />
    <ClInclude Include="Audio\WinAudio.h" />
    <ClInclude Include="Game.h" />
    <ClInclude Include="Game\Entities\Entity.h" />
    <ClInclude Include="Game\Entities\GameEntity.h" />
    <ClInclude Include="Game\GameplayManager.h" />
    <ClInclude Include="Game\PhysicsManager.h" />
    <ClInclude Include="Game\Simulation.h" />
    <ClInclude Include="Game\UserInterface.h" />
    <ClInclude Include="Game\World.h" />
    <ClInclude Include="Graphics\DirectX\DXGraphics.h" />
    <ClInclude Include="Graphics\DirectX\DXWindow.h" />
    <ClInclude Include="Graphics\GraphicsManager.h" />
    <ClInclude Include="Graphics\IGraphics.h" />
    <ClInclude Include="MainMenu.h" />
    <ClInclude Include="Screen.h" />
    <ClInclude Include="Storage\FileManager.h" />
  </ItemGroup>
</Project>