<?xml version="1.0" encoding="utf-8"?>
<Project ToolsVersion="4.0" xmlns="http://schemas.microsoft.com/developer/msbuild/2003">
  <ItemGroup>
    <ClCompile Include="Program.cpp" />
    <ClCompile Include="Audio\AudioManager.cpp">
      <Filter>Source Files\Audio</Filter>
    </ClCompile>
    <ClCompile Include="Audio\WinAudio.cpp">
      <Filter>Source Files\Audio\Windows</Filter>
    </ClCompile>
    <ClCompile Include="Audio\LinAudio.cpp">
      <Filter>Source Files\Audio\Linux</Filter>
    </ClCompile>
    <ClCompile Include="Graphics\DirectX\DXGraphics.cpp">
      <Filter>Source Files\Graphics\DirectX</Filter>
    </ClCompile>
    <ClCompile Include="Graphics\DirectX\DXWindow.cpp">
      <Filter>Source Files\Graphics\DirectX</Filter>
    </ClCompile>
    <ClCompile Include="Graphics\GraphicsManager.cpp">
      <Filter>Source Files\Graphics</Filter>
    </ClCompile>
    <ClCompile Include="Graphics\IGraphics.cpp">
      <Filter>Source Files\Graphics</Filter>
    </ClCompile>
    <ClCompile Include="Storage\FileManager.cpp">
      <Filter>Source Files\Storage</Filter>
    </ClCompile>
    <ClCompile Include="Input\InputManager.cpp">
      <Filter>Source Files\Input</Filter>
    </ClCompile>
    <ClCompile Include="Input\Windows\WindowsInput.cpp">
      <Filter>Source Files\Input\Windows</Filter>
    </ClCompile>
    <ClCompile Include="Storage\ModelData.cpp">
      <Filter>Source Files\Storage</Filter>
    </ClCompile>
    <ClCompile Include="Storage\WavLoader.cpp">
      <Filter>Source Files\Storage</Filter>
    </ClCompile>
    <ClCompile Include="Storage\MusicLoader.cpp">
      <Filter>Source Files\Storage</Filter>
    </ClCompile>
    <ClCompile Include="Graphics\DirectX\DXEffects.cpp">
      <Filter>Source Files\Graphics\DirectX</Filter>
    </ClCompile>
    <ClCompile Include="Graphics\DirectX\DXMesh.cpp">
      <Filter>Source Files\Graphics\DirectX</Filter>
    </ClCompile>
    <ClCompile Include="Graphics\DirectX\DXRenderStates.cpp">
      <Filter>Source Files\Graphics\DirectX</Filter>
    </ClCompile>
    <ClCompile Include="Graphics\DirectX\DXShadowMap.cpp">
      <Filter>Source Files\Graphics\DirectX</Filter>
    </ClCompile>
    <ClCompile Include="Graphics\DirectX\DXVertex.cpp">
      <Filter>Source Files\Graphics\DirectX</Filter>
    </ClCompile>
    <ClCompile Include="Graphics\DirectX\DXCamera.cpp">
      <Filter>Source Files\Graphics\DirectX</Filter>
    </ClCompile>
    <ClCompile Include="Graphics\DirectX\DXDeferred.cpp">
      <Filter>Source Files\Graphics\DirectX</Filter>
    </ClCompile>
    <ClCompile Include="Graphics\ICamera.cpp">
      <Filter>Source Files\Graphics</Filter>
    </ClCompile>
    <ClCompile Include="Storage\ModelLoader.cpp">
      <Filter>Source Files\Storage</Filter>
    </ClCompile>
    <ClCompile Include="Scene\SceneManager.cpp">
      <Filter>Source Files\Scene</Filter>
    </ClCompile>
    <ClCompile Include="Graphics\DirectX\DXModel.cpp">
      <Filter>Source Files\Graphics\DirectX</Filter>
    </ClCompile>
    <ClCompile Include="Graphics\DirectX\DXModelManager.cpp">
      <Filter>Source Files\Graphics\DirectX</Filter>
    </ClCompile>
    <ClCompile Include="Graphics\DirectX\DXTextureManager.cpp">
      <Filter>Source Files\Graphics\DirectX</Filter>
    </ClCompile>
    <ClCompile Include="ComponentSystem\EntityFactory.cpp">
      <Filter>Source Files\ComponentSystem</Filter>
    </ClCompile>
    <ClCompile Include="ComponentSystem\Filter\ComponentFilter.cpp">
      <Filter>Source Files\ComponentSystem\Filter</Filter>
    </ClCompile>
    <ClCompile Include="ComponentSystem\Entity\Entity.cpp">
      <Filter>Source Files\ComponentSystem\Entity</Filter>
    </ClCompile>
    <ClCompile Include="ComponentSystem\System\ISystem.cpp">
      <Filter>Source Files\ComponentSystem\System</Filter>
    </ClCompile>
    <ClCompile Include="ComponentSystem\System\ModelSystem.cpp">
      <Filter>Source Files\ComponentSystem\System</Filter>
    </ClCompile>
    <ClCompile Include="ComponentSystem\System\MovementSystem.cpp">
      <Filter>Source Files\ComponentSystem\System</Filter>
    </ClCompile>
    <ClCompile Include="ComponentSystem\World.cpp">
      <Filter>Source Files\ComponentSystem</Filter>
    </ClCompile>
    <ClCompile Include="ComponentSystem\System\PhysicsSystem.cpp">
      <Filter>Source Files\ComponentSystem\System</Filter>
    </ClCompile>
    <ClCompile Include="ComponentSystem\System\ProjectileSystem.cpp">
      <Filter>Source Files\ComponentSystem\System</Filter>
    </ClCompile>
    <ClCompile Include="MathHelper.cpp" />
    <ClCompile Include="Scenes\GameScene.cpp">
      <Filter>Source Files\Scenes</Filter>
    </ClCompile>
    <ClCompile Include="ComponentSystem\System\InputSystem.cpp">
      <Filter>Source Files\ComponentSystem\System</Filter>
    </ClCompile>
    <ClCompile Include="ComponentSystem\System\AudioSystem.cpp">
      <Filter>Source Files\ComponentSystem\System</Filter>
    </ClCompile>
    <ClCompile Include="ComponentSystem\System\ScoreSystem.cpp">
      <Filter>Source Files\ComponentSystem\System</Filter>
    </ClCompile>
    <ClCompile Include="Scenes\MainMenuScene.cpp">
      <Filter>Source Files\Scenes</Filter>
    </ClCompile>
    <ClCompile Include="ComponentSystem\System\BounceSystem.cpp">
      <Filter>Source Files\ComponentSystem\System</Filter>
    </ClCompile>
    <ClCompile Include="ComponentSystem\System\CollisionDamageSystem.cpp">
      <Filter>Source Files\ComponentSystem\System</Filter>
    </ClCompile>
    <ClCompile Include="ComponentSystem\System\LightSystem.cpp">
      <Filter>Source Files\ComponentSystem\System</Filter>
    </ClCompile>
    <ClCompile Include="ComponentSystem\System\PadCollisionSystem.cpp">
      <Filter>Source Files\ComponentSystem\System</Filter>
    </ClCompile>
    <ClCompile Include="ComponentSystem\System\PlayerLifeSystem.cpp">
      <Filter>Source Files\ComponentSystem\System</Filter>
    </ClCompile>
    <ClCompile Include="Graphics\DirectX\DXLightHelper.cpp">
      <Filter>Source Files\Graphics\DirectX</Filter>
    </ClCompile>
    <ClCompile Include="Scenes\GameOverScene.cpp">
      <Filter>Source Files\Scenes</Filter>
    </ClCompile>
    <ClCompile Include="ComponentSystem\System\BlockSystem.cpp">
      <Filter>Source Files\ComponentSystem\System</Filter>
    </ClCompile>
    <ClCompile Include="ComponentSystem\System\EffectSystem.cpp">
      <Filter>Source Files\ComponentSystem\System</Filter>
    </ClCompile>
  </ItemGroup>
  <ItemGroup>
    <ClInclude Include="Audio\AudioManager.h">
      <Filter>Source Files\Audio</Filter>
    </ClInclude>
    <ClInclude Include="Audio\IAudio.h">
      <Filter>Source Files\Audio</Filter>
    </ClInclude>
    <ClInclude Include="Audio\WinAudio.h">
      <Filter>Source Files\Audio\Windows</Filter>
    </ClInclude>
    <ClInclude Include="Audio\LinAudio.h">
      <Filter>Source Files\Audio\Linux</Filter>
    </ClInclude>
    <ClInclude Include="Graphics\DirectX\DXGraphics.h">
      <Filter>Source Files\Graphics\DirectX</Filter>
    </ClInclude>
    <ClInclude Include="Graphics\DirectX\DXWindow.h">
      <Filter>Source Files\Graphics\DirectX</Filter>
    </ClInclude>
    <ClInclude Include="Graphics\GraphicsManager.h">
      <Filter>Source Files\Graphics</Filter>
    </ClInclude>
    <ClInclude Include="Graphics\IGraphics.h">
      <Filter>Source Files\Graphics</Filter>
    </ClInclude>
    <ClInclude Include="Storage\FileManager.h">
      <Filter>Source Files\Storage</Filter>
    </ClInclude>
    <ClInclude Include="Input\InputManager.h">
      <Filter>Source Files\Input</Filter>
    </ClInclude>
    <ClInclude Include="Input\IInput.h">
      <Filter>Source Files\Input</Filter>
    </ClInclude>
    <ClInclude Include="Input\Windows\WindowsInput.h">
      <Filter>Source Files\Input\Windows</Filter>
    </ClInclude>
    <ClInclude Include="stdafx.h" />
    <ClInclude Include="Storage\ModelData.h">
      <Filter>Source Files\Storage</Filter>
    </ClInclude>
    <ClInclude Include="Storage\WavLoader.h">
      <Filter>Source Files\Storage</Filter>
    </ClInclude>
    <ClInclude Include="Storage\MusicLoader.h">
      <Filter>Source Files\Storage</Filter>
    </ClInclude>
    <ClInclude Include="Graphics\DirectX\DXEffects.h">
      <Filter>Source Files\Graphics\DirectX</Filter>
    </ClInclude>
    <ClInclude Include="Graphics\DirectX\DXMesh.h">
      <Filter>Source Files\Graphics\DirectX</Filter>
    </ClInclude>
    <ClInclude Include="Graphics\DirectX\DXRenderStates.h">
      <Filter>Source Files\Graphics\DirectX</Filter>
    </ClInclude>
    <ClInclude Include="Graphics\DirectX\DXShadowMap.h">
      <Filter>Source Files\Graphics\DirectX</Filter>
    </ClInclude>
    <ClInclude Include="Graphics\DirectX\DXVertex.h">
      <Filter>Source Files\Graphics\DirectX</Filter>
    </ClInclude>
    <ClInclude Include="Graphics\DirectX\DXCamera.h">
      <Filter>Source Files\Graphics\DirectX</Filter>
    </ClInclude>
    <ClInclude Include="Graphics\DirectX\DXDeferred.h">
      <Filter>Source Files\Graphics\DirectX</Filter>
    </ClInclude>
    <ClInclude Include="Graphics\ICamera.h">
      <Filter>Source Files\Graphics</Filter>
    </ClInclude>
    <ClInclude Include="Storage\ModelLoader.h">
      <Filter>Source Files\Storage</Filter>
    </ClInclude>
    <ClInclude Include="Scene\Scene.h">
      <Filter>Source Files\Scene</Filter>
    </ClInclude>
    <ClInclude Include="Scene\SceneManager.h">
      <Filter>Source Files\Scene</Filter>
    </ClInclude>
    <ClInclude Include="Graphics\DirectX\DXModel.h">
      <Filter>Source Files\Graphics\DirectX</Filter>
    </ClInclude>
    <ClInclude Include="Graphics\DirectX\DXModelManager.h">
      <Filter>Source Files\Graphics\DirectX</Filter>
    </ClInclude>
    <ClInclude Include="Graphics\DirectX\DXTextureManager.h">
      <Filter>Source Files\Graphics\DirectX</Filter>
    </ClInclude>
    <ClInclude Include="ComponentSystem\ClassTypeID.h">
      <Filter>Source Files\ComponentSystem</Filter>
    </ClInclude>
    <ClInclude Include="ComponentSystem\EntityFactory.h">
      <Filter>Source Files\ComponentSystem</Filter>
    </ClInclude>
    <ClInclude Include="ComponentSystem\Filter\ComponentFilter.h">
      <Filter>Source Files\ComponentSystem\Filter</Filter>
    </ClInclude>
    <ClInclude Include="ComponentSystem\Component\HealthComponent.h">
      <Filter>Source Files\ComponentSystem\Component</Filter>
    </ClInclude>
    <ClInclude Include="ComponentSystem\Component\IComponent.h">
      <Filter>Source Files\ComponentSystem\Component</Filter>
    </ClInclude>
    <ClInclude Include="ComponentSystem\Component\LifeComponent.h">
      <Filter>Source Files\ComponentSystem\Component</Filter>
    </ClInclude>
    <ClInclude Include="ComponentSystem\Component\ModelComponent.h">
      <Filter>Source Files\ComponentSystem\Component</Filter>
    </ClInclude>
    <ClInclude Include="ComponentSystem\Component\PositionComponent.h">
      <Filter>Source Files\ComponentSystem\Component</Filter>
    </ClInclude>
    <ClInclude Include="ComponentSystem\Component\RotationComponent.h">
      <Filter>Source Files\ComponentSystem\Component</Filter>
    </ClInclude>
    <ClInclude Include="ComponentSystem\Component\ScaleComponent.h">
      <Filter>Source Files\ComponentSystem\Component</Filter>
    </ClInclude>
    <ClInclude Include="ComponentSystem\Component\ScoreComponent.h">
      <Filter>Source Files\ComponentSystem\Component</Filter>
    </ClInclude>
    <ClInclude Include="ComponentSystem\Component\VelocityComponent.h">
      <Filter>Source Files\ComponentSystem\Component</Filter>
    </ClInclude>
    <ClInclude Include="ComponentSystem\Entity\Entity.h">
      <Filter>Source Files\ComponentSystem\Entity</Filter>
    </ClInclude>
    <ClInclude Include="ComponentSystem\System\ISystem.h">
      <Filter>Source Files\ComponentSystem\System</Filter>
    </ClInclude>
    <ClInclude Include="ComponentSystem\System\ModelSystem.h">
      <Filter>Source Files\ComponentSystem\System</Filter>
    </ClInclude>
    <ClInclude Include="ComponentSystem\System\MovementSystem.h">
      <Filter>Source Files\ComponentSystem\System</Filter>
    </ClInclude>
    <ClInclude Include="ComponentSystem\World.h">
      <Filter>Source Files\ComponentSystem</Filter>
    </ClInclude>
    <ClInclude Include="Scenes\GameScene.h">
      <Filter>Source Files\Scenes</Filter>
    </ClInclude>
    <ClInclude Include="ComponentSystem\Component\CollisionComponent.h">
      <Filter>Source Files\ComponentSystem\Component</Filter>
    </ClInclude>
    <ClInclude Include="ComponentSystem\System\PhysicsSystem.h">
      <Filter>Source Files\ComponentSystem\System</Filter>
    </ClInclude>
    <ClInclude Include="ComponentSystem\System\ProjectileSystem.h">
      <Filter>Source Files\ComponentSystem\System</Filter>
    </ClInclude>
    <ClInclude Include="MathHelper.h" />
    <ClInclude Include="ComponentSystem\System\InputSystem.h">
      <Filter>Source Files\ComponentSystem\System</Filter>
    </ClInclude>
    <ClInclude Include="ComponentSystem\System\AudioSystem.h">
      <Filter>Source Files\ComponentSystem\System</Filter>
    </ClInclude>
    <ClInclude Include="ComponentSystem\System\ScoreSystem.h">
      <Filter>Source Files\ComponentSystem\System</Filter>
    </ClInclude>
    <ClInclude Include="Scenes\MainMenuScene.h">
      <Filter>Source Files\Scenes</Filter>
    </ClInclude>
    <ClInclude Include="ComponentSystem\System\BounceSystem.h">
      <Filter>Source Files\ComponentSystem\System</Filter>
    </ClInclude>
    <ClInclude Include="ComponentSystem\System\CollisionDamageSystem.h">
      <Filter>Source Files\ComponentSystem\System</Filter>
    </ClInclude>
    <ClInclude Include="ComponentSystem\System\LightSystem.h">
      <Filter>Source Files\ComponentSystem\System</Filter>
    </ClInclude>
    <ClInclude Include="ComponentSystem\Component\LightComponent.h">
      <Filter>Source Files\ComponentSystem\Component</Filter>
    </ClInclude>
    <ClInclude Include="ComponentSystem\System\PadCollisionSystem.h">
      <Filter>Source Files\ComponentSystem\System</Filter>
    </ClInclude>
    <ClInclude Include="Graphics\DirectX\DXLightHelper.h">
      <Filter>Source Files\Graphics\DirectX</Filter>
    </ClInclude>
    <ClInclude Include="ComponentSystem\Component\AudioComponent.h">
      <Filter>Source Files\ComponentSystem\Component</Filter>
    </ClInclude>
    <ClInclude Include="ComponentSystem\Component\BounceComponent.h">
      <Filter>Source Files\ComponentSystem\Component</Filter>
    </ClInclude>
    <ClInclude Include="ComponentSystem\Component\DamageComponent.h">
      <Filter>Source Files\ComponentSystem\Component</Filter>
    </ClInclude>
    <ClInclude Include="ComponentSystem\Component\DeflectionComponent.h">
      <Filter>Source Files\ComponentSystem\Component</Filter>
    </ClInclude>
    <ClInclude Include="ComponentSystem\Component\InputComponent.h">
      <Filter>Source Files\ComponentSystem\Component</Filter>
    </ClInclude>
    <ClInclude Include="ComponentSystem\Component\KeyboardInputComponent.h">
      <Filter>Source Files\ComponentSystem\Component</Filter>
    </ClInclude>
    <ClInclude Include="ComponentSystem\Component\MouseInputComponent.h">
      <Filter>Source Files\ComponentSystem\Component</Filter>
    </ClInclude>
    <ClInclude Include="ComponentSystem\Component\PlayerComponent.h">
      <Filter>Source Files\ComponentSystem\Component</Filter>
    </ClInclude>
    <ClInclude Include="ComponentSystem\System\PlayerLifeSystem.h">
      <Filter>Source Files\ComponentSystem\System</Filter>
    </ClInclude>
    <ClInclude Include="ComponentSystem\Component\PlayerLifeComponent.h">
      <Filter>Source Files\ComponentSystem\Component</Filter>
    </ClInclude>
    <ClInclude Include="Scenes\GameOverScene.h">
      <Filter>Source Files\Scenes</Filter>
    </ClInclude>
    <ClInclude Include="ComponentSystem\Component\BlockComponent.h">
      <Filter>Source Files\ComponentSystem\Component</Filter>
    </ClInclude>
    <ClInclude Include="ComponentSystem\System\BlockSystem.h">
      <Filter>Source Files\ComponentSystem\System</Filter>
    </ClInclude>
    <ClInclude Include="ComponentSystem\Component\EffectComponent.h">
      <Filter>Source Files\ComponentSystem\Component</Filter>
    </ClInclude>
    <ClInclude Include="ComponentSystem\System\EffectSystem.h">
      <Filter>Source Files\ComponentSystem\System</Filter>
    </ClInclude>
    <ClInclude Include="ComponentSystem\Component\ShatterComponent.h">
      <Filter>Source Files\ComponentSystem\Component\Effects</Filter>
    </ClInclude>
  </ItemGroup>
  <ItemGroup>
    <Filter Include="Source Files">
      <UniqueIdentifier>{29f1f3b8-01fb-4096-a44f-c7076fd87a94}</UniqueIdentifier>
    </Filter>
    <Filter Include="Source Files\Audio">
      <UniqueIdentifier>{e70582a2-3c3e-45cd-804b-e3c44e48a020}</UniqueIdentifier>
    </Filter>
    <Filter Include="Source Files\Audio\Linux">
      <UniqueIdentifier>{cf0453d8-bbe5-4014-9862-dabf92d21555}</UniqueIdentifier>
    </Filter>
    <Filter Include="Source Files\Audio\Windows">
      <UniqueIdentifier>{f807db90-b816-42f5-8385-6609e29ead17}</UniqueIdentifier>
    </Filter>
    <Filter Include="Source Files\Game">
      <UniqueIdentifier>{e6372f4d-d69e-4db1-9633-9080782067b5}</UniqueIdentifier>
    </Filter>
    <Filter Include="Source Files\Graphics">
      <UniqueIdentifier>{8e003e7d-8054-411d-8e5b-dde4f0773134}</UniqueIdentifier>
    </Filter>
    <Filter Include="Source Files\Graphics\DirectX">
      <UniqueIdentifier>{f62acfaa-d53d-43b7-817e-8734ee8c8b41}</UniqueIdentifier>
    </Filter>
    <Filter Include="Source Files\Graphics\OpenGL">
      <UniqueIdentifier>{a5f213e9-6a9e-4ddd-92db-86f2d089911e}</UniqueIdentifier>
    </Filter>
    <Filter Include="Source Files\Storage">
      <UniqueIdentifier>{402e1569-90c0-4490-88c7-9edb047a6fdb}</UniqueIdentifier>
    </Filter>
    <Filter Include="Source Files\Input">
      <UniqueIdentifier>{89928c40-3d2f-4dd7-bc58-3cdc25b0f254}</UniqueIdentifier>
    </Filter>
    <Filter Include="Source Files\Input\Windows">
      <UniqueIdentifier>{66dafcf5-262f-4722-9cf4-eeb358570465}</UniqueIdentifier>
    </Filter>
    <Filter Include="Source Files\Graphics\Shaders">
      <UniqueIdentifier>{813ac312-e472-40b8-a0c1-3e34d274e1ba}</UniqueIdentifier>
    </Filter>
    <Filter Include="Source Files\ComponentSystem">
      <UniqueIdentifier>{7b08e626-a133-4acd-a6e1-fe75dfac65ad}</UniqueIdentifier>
    </Filter>
    <Filter Include="Source Files\Input\Linux">
      <UniqueIdentifier>{a4223cdc-9667-4186-ac5b-fc8a81a6127f}</UniqueIdentifier>
    </Filter>
    <Filter Include="Source Files\Game\Collision">
      <UniqueIdentifier>{6a12446b-7299-43d9-9cfb-a1bb8622d8f5}</UniqueIdentifier>
    </Filter>
    <Filter Include="Source Files\Scene">
      <UniqueIdentifier>{64ea52ec-806c-4890-87c3-495c366e1f9c}</UniqueIdentifier>
    </Filter>
    <Filter Include="Source Files\ComponentSystem\Filter">
      <UniqueIdentifier>{40b70cb6-48a8-4b69-9b7b-a57bc05cdb70}</UniqueIdentifier>
    </Filter>
    <Filter Include="Source Files\ComponentSystem\Component">
      <UniqueIdentifier>{ec364e6b-0492-462d-b94c-47d7263d5970}</UniqueIdentifier>
    </Filter>
    <Filter Include="Source Files\ComponentSystem\Entity">
      <UniqueIdentifier>{b7d1e953-118e-4a22-b048-0dc6b6a43aa2}</UniqueIdentifier>
    </Filter>
    <Filter Include="Source Files\ComponentSystem\System">
      <UniqueIdentifier>{a31c21a6-2610-4290-b00b-681df1811184}</UniqueIdentifier>
    </Filter>
    <Filter Include="Source Files\Scenes">
      <UniqueIdentifier>{4c964eb1-e759-48fe-9eb9-e0977bec6656}</UniqueIdentifier>
    </Filter>
    <Filter Include="Source Files\ComponentSystem\Component\Effects">
      <UniqueIdentifier>{3221115b-2046-44ed-b70c-00894fe85b5c}</UniqueIdentifier>
    </Filter>
  </ItemGroup>
  <ItemGroup>
    <CustomBuild Include="Graphics\DirectX\Shaders\BuildShadowMap.fx">
      <Filter>Source Files\Graphics\Shaders</Filter>
    </CustomBuild>
    <CustomBuild Include="Graphics\DirectX\Shaders\ClearGBuffer.fx">
      <Filter>Source Files\Graphics\Shaders</Filter>
    </CustomBuild>
    <CustomBuild Include="Graphics\DirectX\Shaders\CombineFinal.fx">
      <Filter>Source Files\Graphics\Shaders</Filter>
    </CustomBuild>
    <CustomBuild Include="Graphics\DirectX\Shaders\LightHelper.fx">
      <Filter>Source Files\Graphics\Shaders</Filter>
    </CustomBuild>
    <CustomBuild Include="Graphics\DirectX\Shaders\ObjectDeferred.fx">
      <Filter>Source Files\Graphics\Shaders</Filter>
    </CustomBuild>
    <CustomBuild Include="Graphics\DirectX\Shaders\ShadowMap.fx">
      <Filter>Source Files\Graphics\Shaders</Filter>
    </CustomBuild>
    <CustomBuild Include="Graphics\DirectX\Shaders\TiledLightning.fx">
      <Filter>Source Files\Graphics\Shaders</Filter>
    </CustomBuild>
  </ItemGroup>
</Project>